// !$*UTF8*$!
{
	archiveVersion = 1;
	classes = {
	};
	objectVersion = 56;
	objects = {

/* Begin PBXBuildFile section */
		DA292DB62E16DA5500AB0FF9 /* EmergencyContactView.swift in Sources */ = {isa = PBXBuildFile; fileRef = DA292DB52E16DA5500AB0FF9 /* EmergencyContactView.swift */; };
		DA35E5922E0C459100ABBB00 /* FirebaseAuth in Frameworks */ = {isa = PBXBuildFile; productRef = DA35E5912E0C459100ABBB00 /* FirebaseAuth */; };
		DA35E5942E0C459100ABBB00 /* FirebaseCore in Frameworks */ = {isa = PBXBuildFile; productRef = DA35E5932E0C459100ABBB00 /* FirebaseCore */; };
		DAB077752E21620D00596AB5 /* MedicineReminderListView.swift in Sources */ = {isa = PBXBuildFile; fileRef = DAB077742E21620D00596AB5 /* MedicineReminderListView.swift */; };
		DAB077782E2214A800596AB5 /* SplashScreenView.swift in Sources */ = {isa = PBXBuildFile; fileRef = DAB077772E2214A800596AB5 /* SplashScreenView.swift */; };
		DAF2F9C12E142D0800D4AE65 /* GoogleService-Info.plist in Resources */ = {isa = PBXBuildFile; fileRef = DAF2F9C02E142D0800D4AE65 /* GoogleService-Info.plist */; };
		DAF2F9C32E142D9400D4AE65 /* AuthenticationViewModel.swift in Sources */ = {isa = PBXBuildFile; fileRef = DAF2F9C22E142D8100D4AE65 /* AuthenticationViewModel.swift */; };
		DAF3D6812E01C1F400EAAD8B /* SmartAidApp.swift in Sources */ = {isa = PBXBuildFile; fileRef = DAF3D6802E01C1F400EAAD8B /* SmartAidApp.swift */; };
		DAF3D6832E01C1F400EAAD8B /* ContentView.swift in Sources */ = {isa = PBXBuildFile; fileRef = DAF3D6822E01C1F400EAAD8B /* ContentView.swift */; };
		DAF3D6852E01C1F600EAAD8B /* Assets.xcassets in Resources */ = {isa = PBXBuildFile; fileRef = DAF3D6842E01C1F600EAAD8B /* Assets.xcassets */; };
		DAF3D6882E01C1F600EAAD8B /* Preview Assets.xcassets in Resources */ = {isa = PBXBuildFile; fileRef = DAF3D6872E01C1F600EAAD8B /* Preview Assets.xcassets */; };
		DAF3D6902E01C25200EAAD8B /* SymtomCheckerBotView.swift in Sources */ = {isa = PBXBuildFile; fileRef = DAF3D68F2E01C25200EAAD8B /* SymtomCheckerBotView.swift */; };
		DAF3D6922E01C2A100EAAD8B /* ChatViewModel.swift in Sources */ = {isa = PBXBuildFile; fileRef = DAF3D6912E01C2A100EAAD8B /* ChatViewModel.swift */; };
		DAF3D6952E01C3DE00EAAD8B /* AddMedicationReminderView.swift in Sources */ = {isa = PBXBuildFile; fileRef = DAF3D6942E01C3DE00EAAD8B /* AddMedicationReminderView.swift */; };
		DAF3D6972E01C43000EAAD8B /* Reminder.swift in Sources */ = {isa = PBXBuildFile; fileRef = DAF3D6962E01C43000EAAD8B /* Reminder.swift */; };
		DAF3D6992E01C67E00EAAD8B /* NotificationManager.swift in Sources */ = {isa = PBXBuildFile; fileRef = DAF3D6982E01C67E00EAAD8B /* NotificationManager.swift */; };
		DAF3D69B2E01DFC800EAAD8B /* MedicationReminderViewmodel.swift in Sources */ = {isa = PBXBuildFile; fileRef = DAF3D69A2E01DFC800EAAD8B /* MedicationReminderViewmodel.swift */; };
		DAF3D69D2E0465A900EAAD8B /* EmergencyContactLocationViewModel.swift in Sources */ = {isa = PBXBuildFile; fileRef = DAF3D69C2E0465A900EAAD8B /* EmergencyContactLocationViewModel.swift */; };
		DAF3D6A22E04661F00EAAD8B /* EmergencyContact.swift in Sources */ = {isa = PBXBuildFile; fileRef = DAF3D6A12E04661F00EAAD8B /* EmergencyContact.swift */; };
		DAF3D6A42E04666900EAAD8B /* AddContactView.swift in Sources */ = {isa = PBXBuildFile; fileRef = DAF3D6A32E04666900EAAD8B /* AddContactView.swift */; };
		DAF3D6A62E0466B900EAAD8B /* LocationManager.swift in Sources */ = {isa = PBXBuildFile; fileRef = DAF3D6A52E0466B900EAAD8B /* LocationManager.swift */; };
		DAF3D6A92E07262000EAAD8B /* HomeView.swift in Sources */ = {isa = PBXBuildFile; fileRef = DAF3D6A82E07262000EAAD8B /* HomeView.swift */; };
		DAF3D6AC2E072AAF00EAAD8B /* HomeButtonView.swift in Sources */ = {isa = PBXBuildFile; fileRef = DAF3D6AB2E072AAF00EAAD8B /* HomeButtonView.swift */; };
		DAF3D6AF2E09A39E00EAAD8B /* NearbyHospitalViewmodel.swift in Sources */ = {isa = PBXBuildFile; fileRef = DAF3D6AE2E09A39E00EAAD8B /* NearbyHospitalViewmodel.swift */; };
		DAF3D6B12E09A3F000EAAD8B /* Place.swift in Sources */ = {isa = PBXBuildFile; fileRef = DAF3D6B02E09A3F000EAAD8B /* Place.swift */; };
		DAF3D6B32E09A42E00EAAD8B /* NearbyHospitalView.swift in Sources */ = {isa = PBXBuildFile; fileRef = DAF3D6B22E09A42E00EAAD8B /* NearbyHospitalView.swift */; };
		DAF3D6B52E0BCAE500EAAD8B /* HeaderView.swift in Sources */ = {isa = PBXBuildFile; fileRef = DAF3D6B42E0BCAE500EAAD8B /* HeaderView.swift */; };
		DAF3D6B72E0BCB5900EAAD8B /* RoundedShape.swift in Sources */ = {isa = PBXBuildFile; fileRef = DAF3D6B62E0BCB5900EAAD8B /* RoundedShape.swift */; };
		DAF3D6B92E0BCC0F00EAAD8B /* CustomTextField.swift in Sources */ = {isa = PBXBuildFile; fileRef = DAF3D6B82E0BCC0F00EAAD8B /* CustomTextField.swift */; };
		DAF3D6BB2E0BCC7000EAAD8B /* CustomSecureField.swift in Sources */ = {isa = PBXBuildFile; fileRef = DAF3D6BA2E0BCC7000EAAD8B /* CustomSecureField.swift */; };
		DAF3D6BE2E0BCD3E00EAAD8B /* LoginView.swift in Sources */ = {isa = PBXBuildFile; fileRef = DAF3D6BD2E0BCD3E00EAAD8B /* LoginView.swift */; };
		DAF3D6C02E0BCD9400EAAD8B /* RegistrationView.swift in Sources */ = {isa = PBXBuildFile; fileRef = DAF3D6BF2E0BCD9400EAAD8B /* RegistrationView.swift */; };
/* End PBXBuildFile section */

/* Begin PBXFileReference section */
		DA292DB52E16DA5500AB0FF9 /* EmergencyContactView.swift */ = {isa = PBXFileReference; lastKnownFileType = sourcecode.swift; path = EmergencyContactView.swift; sourceTree = "<group>"; };
		DAB077742E21620D00596AB5 /* MedicineReminderListView.swift */ = {isa = PBXFileReference; lastKnownFileType = sourcecode.swift; path = MedicineReminderListView.swift; sourceTree = "<group>"; };
		DAB077772E2214A800596AB5 /* SplashScreenView.swift */ = {isa = PBXFileReference; lastKnownFileType = sourcecode.swift; path = SplashScreenView.swift; sourceTree = "<group>"; };
		DAB0777D2E22B02300596AB5 /* Info.plist */ = {isa = PBXFileReference; lastKnownFileType = text.plist; path = Info.plist; sourceTree = "<group>"; };
		DAF2F9C02E142D0800D4AE65 /* GoogleService-Info.plist */ = {isa = PBXFileReference; lastKnownFileType = text.plist.xml; path = "GoogleService-Info.plist"; sourceTree = "<group>"; };
		DAF2F9C22E142D8100D4AE65 /* AuthenticationViewModel.swift */ = {isa = PBXFileReference; lastKnownFileType = sourcecode.swift; path = AuthenticationViewModel.swift; sourceTree = "<group>"; };
		DAF3D67D2E01C1F400EAAD8B /* SmartAid.app */ = {isa = PBXFileReference; explicitFileType = wrapper.application; includeInIndex = 0; path = SmartAid.app; sourceTree = BUILT_PRODUCTS_DIR; };
		DAF3D6802E01C1F400EAAD8B /* SmartAidApp.swift */ = {isa = PBXFileReference; lastKnownFileType = sourcecode.swift; path = SmartAidApp.swift; sourceTree = "<group>"; };
		DAF3D6822E01C1F400EAAD8B /* ContentView.swift */ = {isa = PBXFileReference; lastKnownFileType = sourcecode.swift; path = ContentView.swift; sourceTree = "<group>"; };
		DAF3D6842E01C1F600EAAD8B /* Assets.xcassets */ = {isa = PBXFileReference; lastKnownFileType = folder.assetcatalog; path = Assets.xcassets; sourceTree = "<group>"; };
		DAF3D6872E01C1F600EAAD8B /* Preview Assets.xcassets */ = {isa = PBXFileReference; lastKnownFileType = folder.assetcatalog; path = "Preview Assets.xcassets"; sourceTree = "<group>"; };
		DAF3D68F2E01C25200EAAD8B /* SymtomCheckerBotView.swift */ = {isa = PBXFileReference; lastKnownFileType = sourcecode.swift; path = SymtomCheckerBotView.swift; sourceTree = "<group>"; };
		DAF3D6912E01C2A100EAAD8B /* ChatViewModel.swift */ = {isa = PBXFileReference; lastKnownFileType = sourcecode.swift; path = ChatViewModel.swift; sourceTree = "<group>"; };
		DAF3D6942E01C3DE00EAAD8B /* AddMedicationReminderView.swift */ = {isa = PBXFileReference; lastKnownFileType = sourcecode.swift; path = AddMedicationReminderView.swift; sourceTree = "<group>"; };
		DAF3D6962E01C43000EAAD8B /* Reminder.swift */ = {isa = PBXFileReference; lastKnownFileType = sourcecode.swift; path = Reminder.swift; sourceTree = "<group>"; };
		DAF3D6982E01C67E00EAAD8B /* NotificationManager.swift */ = {isa = PBXFileReference; lastKnownFileType = sourcecode.swift; path = NotificationManager.swift; sourceTree = "<group>"; };
		DAF3D69A2E01DFC800EAAD8B /* MedicationReminderViewmodel.swift */ = {isa = PBXFileReference; lastKnownFileType = sourcecode.swift; path = MedicationReminderViewmodel.swift; sourceTree = "<group>"; };
		DAF3D69C2E0465A900EAAD8B /* EmergencyContactLocationViewModel.swift */ = {isa = PBXFileReference; lastKnownFileType = sourcecode.swift; path = EmergencyContactLocationViewModel.swift; sourceTree = "<group>"; };
		DAF3D6A12E04661F00EAAD8B /* EmergencyContact.swift */ = {isa = PBXFileReference; lastKnownFileType = sourcecode.swift; path = EmergencyContact.swift; sourceTree = "<group>"; };
		DAF3D6A32E04666900EAAD8B /* AddContactView.swift */ = {isa = PBXFileReference; lastKnownFileType = sourcecode.swift; path = AddContactView.swift; sourceTree = "<group>"; };
		DAF3D6A52E0466B900EAAD8B /* LocationManager.swift */ = {isa = PBXFileReference; lastKnownFileType = sourcecode.swift; path = LocationManager.swift; sourceTree = "<group>"; };
		DAF3D6A82E07262000EAAD8B /* HomeView.swift */ = {isa = PBXFileReference; lastKnownFileType = sourcecode.swift; path = HomeView.swift; sourceTree = "<group>"; };
		DAF3D6AB2E072AAF00EAAD8B /* HomeButtonView.swift */ = {isa = PBXFileReference; lastKnownFileType = sourcecode.swift; path = HomeButtonView.swift; sourceTree = "<group>"; };
		DAF3D6AE2E09A39E00EAAD8B /* NearbyHospitalViewmodel.swift */ = {isa = PBXFileReference; lastKnownFileType = sourcecode.swift; path = NearbyHospitalViewmodel.swift; sourceTree = "<group>"; };
		DAF3D6B02E09A3F000EAAD8B /* Place.swift */ = {isa = PBXFileReference; lastKnownFileType = sourcecode.swift; path = Place.swift; sourceTree = "<group>"; };
		DAF3D6B22E09A42E00EAAD8B /* NearbyHospitalView.swift */ = {isa = PBXFileReference; lastKnownFileType = sourcecode.swift; path = NearbyHospitalView.swift; sourceTree = "<group>"; };
		DAF3D6B42E0BCAE500EAAD8B /* HeaderView.swift */ = {isa = PBXFileReference; lastKnownFileType = sourcecode.swift; path = HeaderView.swift; sourceTree = "<group>"; };
		DAF3D6B62E0BCB5900EAAD8B /* RoundedShape.swift */ = {isa = PBXFileReference; lastKnownFileType = sourcecode.swift; path = RoundedShape.swift; sourceTree = "<group>"; };
		DAF3D6B82E0BCC0F00EAAD8B /* CustomTextField.swift */ = {isa = PBXFileReference; lastKnownFileType = sourcecode.swift; path = CustomTextField.swift; sourceTree = "<group>"; };
		DAF3D6BA2E0BCC7000EAAD8B /* CustomSecureField.swift */ = {isa = PBXFileReference; lastKnownFileType = sourcecode.swift; path = CustomSecureField.swift; sourceTree = "<group>"; };
		DAF3D6BD2E0BCD3E00EAAD8B /* LoginView.swift */ = {isa = PBXFileReference; lastKnownFileType = sourcecode.swift; path = LoginView.swift; sourceTree = "<group>"; };
		DAF3D6BF2E0BCD9400EAAD8B /* RegistrationView.swift */ = {isa = PBXFileReference; lastKnownFileType = sourcecode.swift; path = RegistrationView.swift; sourceTree = "<group>"; };
/* End PBXFileReference section */

/* Begin PBXFrameworksBuildPhase section */
		DAF3D67A2E01C1F400EAAD8B /* Frameworks */ = {
			isa = PBXFrameworksBuildPhase;
			buildActionMask = 2147483647;
			files = (
				DA35E5942E0C459100ABBB00 /* FirebaseCore in Frameworks */,
				DA35E5922E0C459100ABBB00 /* FirebaseAuth in Frameworks */,
			);
			runOnlyForDeploymentPostprocessing = 0;
		};
/* End PBXFrameworksBuildPhase section */

/* Begin PBXGroup section */
		DAB077762E22149000596AB5 /* SplashScreen */ = {
			isa = PBXGroup;
			children = (
				DAB077772E2214A800596AB5 /* SplashScreenView.swift */,
			);
			path = SplashScreen;
			sourceTree = "<group>";
		};
		DAB077792E22298400596AB5 /* modal */ = {
			isa = PBXGroup;
			children = (
				DAF3D6A12E04661F00EAAD8B /* EmergencyContact.swift */,
			);
			path = modal;
			sourceTree = "<group>";
		};
		DAB0777A2E22299B00596AB5 /* viewmodel */ = {
			isa = PBXGroup;
			children = (
				DAF3D69C2E0465A900EAAD8B /* EmergencyContactLocationViewModel.swift */,
			);
			path = viewmodel;
			sourceTree = "<group>";
		};
		DAB0777B2E2229AE00596AB5 /* modal */ = {
			isa = PBXGroup;
			children = (
				DAF3D6962E01C43000EAAD8B /* Reminder.swift */,
			);
			path = modal;
			sourceTree = "<group>";
		};
		DAB0777C2E2229B500596AB5 /* viewmodel */ = {
			isa = PBXGroup;
			children = (
				DAF3D69A2E01DFC800EAAD8B /* MedicationReminderViewmodel.swift */,
			);
			path = viewmodel;
			sourceTree = "<group>";
		};
		DAF3D6742E01C1F400EAAD8B = {
			isa = PBXGroup;
			children = (
				DAF2F9C02E142D0800D4AE65 /* GoogleService-Info.plist */,
				DAF3D67F2E01C1F400EAAD8B /* SmartAid */,
				DAF3D67E2E01C1F400EAAD8B /* Products */,
			);
			sourceTree = "<group>";
		};
		DAF3D67E2E01C1F400EAAD8B /* Products */ = {
			isa = PBXGroup;
			children = (
				DAF3D67D2E01C1F400EAAD8B /* SmartAid.app */,
			);
			name = Products;
			sourceTree = "<group>";
		};
		DAF3D67F2E01C1F400EAAD8B /* SmartAid */ = {
			isa = PBXGroup;
			children = (
				DAB0777D2E22B02300596AB5 /* Info.plist */,
				DAB077762E22149000596AB5 /* SplashScreen */,
				DAF3D6BC2E0BCD2E00EAAD8B /* Authentication */,
				DAF3D6AD2E09A37600EAAD8B /* Nearbyhospital */,
				DAF3D6AA2E072A8F00EAAD8B /* UtilView */,
				DAF3D6A72E07260C00EAAD8B /* Home */,
				DAF3D6A02E04660100EAAD8B /* EmergencyContact */,
				DAF3D6932E01C3C300EAAD8B /* MedicineReminder */,
				DAF3D68E2E01C20500EAAD8B /* SymtomChecker */,
				DAF3D6802E01C1F400EAAD8B /* SmartAidApp.swift */,
				DAF3D6822E01C1F400EAAD8B /* ContentView.swift */,
				DAF3D6842E01C1F600EAAD8B /* Assets.xcassets */,
				DAF3D6862E01C1F600EAAD8B /* Preview Content */,
			);
			path = SmartAid;
			sourceTree = "<group>";
		};
		DAF3D6862E01C1F600EAAD8B /* Preview Content */ = {
			isa = PBXGroup;
			children = (
				DAF3D6872E01C1F600EAAD8B /* Preview Assets.xcassets */,
			);
			path = "Preview Content";
			sourceTree = "<group>";
		};
		DAF3D68E2E01C20500EAAD8B /* SymtomChecker */ = {
			isa = PBXGroup;
			children = (
				DAF3D68F2E01C25200EAAD8B /* SymtomCheckerBotView.swift */,
				DAF3D6912E01C2A100EAAD8B /* ChatViewModel.swift */,
			);
			path = SymtomChecker;
			sourceTree = "<group>";
		};
		DAF3D6932E01C3C300EAAD8B /* MedicineReminder */ = {
			isa = PBXGroup;
			children = (
				DAB0777C2E2229B500596AB5 /* viewmodel */,
				DAB0777B2E2229AE00596AB5 /* modal */,
				DAF3D6942E01C3DE00EAAD8B /* AddMedicationReminderView.swift */,
				DAB077742E21620D00596AB5 /* MedicineReminderListView.swift */,
				DAF3D6982E01C67E00EAAD8B /* NotificationManager.swift */,
			);
			path = MedicineReminder;
			sourceTree = "<group>";
		};
		DAF3D6A02E04660100EAAD8B /* EmergencyContact */ = {
			isa = PBXGroup;
			children = (
				DAB0777A2E22299B00596AB5 /* viewmodel */,
				DAB077792E22298400596AB5 /* modal */,
				DAF3D6A32E04666900EAAD8B /* AddContactView.swift */,
				DAF3D6A52E0466B900EAAD8B /* LocationManager.swift */,
				DA292DB52E16DA5500AB0FF9 /* EmergencyContactView.swift */,
			);
			path = EmergencyContact;
			sourceTree = "<group>";
		};
		DAF3D6A72E07260C00EAAD8B /* Home */ = {
			isa = PBXGroup;
			children = (
				DAF3D6A82E07262000EAAD8B /* HomeView.swift */,
			);
			path = Home;
			sourceTree = "<group>";
		};
		DAF3D6AA2E072A8F00EAAD8B /* UtilView */ = {
			isa = PBXGroup;
			children = (
				DAF3D6AB2E072AAF00EAAD8B /* HomeButtonView.swift */,
				DAF3D6B42E0BCAE500EAAD8B /* HeaderView.swift */,
				DAF3D6B62E0BCB5900EAAD8B /* RoundedShape.swift */,
				DAF3D6B82E0BCC0F00EAAD8B /* CustomTextField.swift */,
				DAF3D6BA2E0BCC7000EAAD8B /* CustomSecureField.swift */,
			);
			path = UtilView;
			sourceTree = "<group>";
		};
		DAF3D6AD2E09A37600EAAD8B /* Nearbyhospital */ = {
			isa = PBXGroup;
			children = (
				DAF3D6AE2E09A39E00EAAD8B /* NearbyHospitalViewmodel.swift */,
				DAF3D6B02E09A3F000EAAD8B /* Place.swift */,
				DAF3D6B22E09A42E00EAAD8B /* NearbyHospitalView.swift */,
			);
			path = Nearbyhospital;
			sourceTree = "<group>";
		};
		DAF3D6BC2E0BCD2E00EAAD8B /* Authentication */ = {
			isa = PBXGroup;
			children = (
				DAF2F9C22E142D8100D4AE65 /* AuthenticationViewModel.swift */,
				DAF3D6BD2E0BCD3E00EAAD8B /* LoginView.swift */,
				DAF3D6BF2E0BCD9400EAAD8B /* RegistrationView.swift */,
			);
			path = Authentication;
			sourceTree = "<group>";
		};
/* End PBXGroup section */

/* Begin PBXNativeTarget section */
		DAF3D67C2E01C1F400EAAD8B /* SmartAid */ = {
			isa = PBXNativeTarget;
			buildConfigurationList = DAF3D68B2E01C1F600EAAD8B /* Build configuration list for PBXNativeTarget "SmartAid" */;
			buildPhases = (
				DAF3D6792E01C1F400EAAD8B /* Sources */,
				DAF3D67A2E01C1F400EAAD8B /* Frameworks */,
				DAF3D67B2E01C1F400EAAD8B /* Resources */,
			);
			buildRules = (
			);
			dependencies = (
			);
			name = SmartAid;
			packageProductDependencies = (
				DA35E5912E0C459100ABBB00 /* FirebaseAuth */,
				DA35E5932E0C459100ABBB00 /* FirebaseCore */,
			);
			productName = SmartAid;
			productReference = DAF3D67D2E01C1F400EAAD8B /* SmartAid.app */;
			productType = "com.apple.product-type.application";
		};
/* End PBXNativeTarget section */

/* Begin PBXProject section */
		DAF3D6752E01C1F400EAAD8B /* Project object */ = {
			isa = PBXProject;
			attributes = {
				BuildIndependentTargetsInParallel = 1;
				LastSwiftUpdateCheck = 1540;
				LastUpgradeCheck = 1540;
				TargetAttributes = {
					DAF3D67C2E01C1F400EAAD8B = {
						CreatedOnToolsVersion = 15.4;
					};
				};
			};
			buildConfigurationList = DAF3D6782E01C1F400EAAD8B /* Build configuration list for PBXProject "SmartAid" */;
			compatibilityVersion = "Xcode 14.0";
			developmentRegion = en;
			hasScannedForEncodings = 0;
			knownRegions = (
				en,
				Base,
			);
			mainGroup = DAF3D6742E01C1F400EAAD8B;
			packageReferences = (
				DA35E5902E0C459100ABBB00 /* XCRemoteSwiftPackageReference "firebase-ios-sdk" */,
			);
			productRefGroup = DAF3D67E2E01C1F400EAAD8B /* Products */;
			projectDirPath = "";
			projectRoot = "";
			targets = (
				DAF3D67C2E01C1F400EAAD8B /* SmartAid */,
			);
		};
/* End PBXProject section */

/* Begin PBXResourcesBuildPhase section */
		DAF3D67B2E01C1F400EAAD8B /* Resources */ = {
			isa = PBXResourcesBuildPhase;
			buildActionMask = 2147483647;
			files = (
				DAF3D6882E01C1F600EAAD8B /* Preview Assets.xcassets in Resources */,
				DAF3D6852E01C1F600EAAD8B /* Assets.xcassets in Resources */,
				DAF2F9C12E142D0800D4AE65 /* GoogleService-Info.plist in Resources */,
			);
			runOnlyForDeploymentPostprocessing = 0;
		};
/* End PBXResourcesBuildPhase section */

/* Begin PBXSourcesBuildPhase section */
		DAF3D6792E01C1F400EAAD8B /* Sources */ = {
			isa = PBXSourcesBuildPhase;
			buildActionMask = 2147483647;
			files = (
				DAB077752E21620D00596AB5 /* MedicineReminderListView.swift in Sources */,
				DAF3D6A22E04661F00EAAD8B /* EmergencyContact.swift in Sources */,
				DAF3D6B52E0BCAE500EAAD8B /* HeaderView.swift in Sources */,
				DAF3D6C02E0BCD9400EAAD8B /* RegistrationView.swift in Sources */,
				DAF3D6832E01C1F400EAAD8B /* ContentView.swift in Sources */,
				DA292DB62E16DA5500AB0FF9 /* EmergencyContactView.swift in Sources */,
				DAF3D6A92E07262000EAAD8B /* HomeView.swift in Sources */,
				DAF3D6B92E0BCC0F00EAAD8B /* CustomTextField.swift in Sources */,
				DAB077782E2214A800596AB5 /* SplashScreenView.swift in Sources */,
				DAF3D69B2E01DFC800EAAD8B /* MedicationReminderViewmodel.swift in Sources */,
				DAF3D6812E01C1F400EAAD8B /* SmartAidApp.swift in Sources */,
				DAF3D6BB2E0BCC7000EAAD8B /* CustomSecureField.swift in Sources */,
				DAF3D6BE2E0BCD3E00EAAD8B /* LoginView.swift in Sources */,
				DAF3D6A42E04666900EAAD8B /* AddContactView.swift in Sources */,
				DAF3D6B32E09A42E00EAAD8B /* NearbyHospitalView.swift in Sources */,
				DAF2F9C32E142D9400D4AE65 /* AuthenticationViewModel.swift in Sources */,
				DAF3D6952E01C3DE00EAAD8B /* AddMedicationReminderView.swift in Sources */,
				DAF3D6AF2E09A39E00EAAD8B /* NearbyHospitalViewmodel.swift in Sources */,
				DAF3D6972E01C43000EAAD8B /* Reminder.swift in Sources */,
				DAF3D6992E01C67E00EAAD8B /* NotificationManager.swift in Sources */,
				DAF3D6A62E0466B900EAAD8B /* LocationManager.swift in Sources */,
				DAF3D6B12E09A3F000EAAD8B /* Place.swift in Sources */,
				DAF3D6B72E0BCB5900EAAD8B /* RoundedShape.swift in Sources */,
				DAF3D6922E01C2A100EAAD8B /* ChatViewModel.swift in Sources */,
				DAF3D6AC2E072AAF00EAAD8B /* HomeButtonView.swift in Sources */,
				DAF3D69D2E0465A900EAAD8B /* EmergencyContactLocationViewModel.swift in Sources */,
				DAF3D6902E01C25200EAAD8B /* SymtomCheckerBotView.swift in Sources */,
			);
			runOnlyForDeploymentPostprocessing = 0;
		};
/* End PBXSourcesBuildPhase section */

/* Begin XCBuildConfiguration section */
		DAF3D6892E01C1F600EAAD8B /* Debug */ = {
			isa = XCBuildConfiguration;
			buildSettings = {
				ALWAYS_SEARCH_USER_PATHS = NO;
				ASSETCATALOG_COMPILER_GENERATE_SWIFT_ASSET_SYMBOL_EXTENSIONS = YES;
				CLANG_ANALYZER_NONNULL = YES;
				CLANG_ANALYZER_NUMBER_OBJECT_CONVERSION = YES_AGGRESSIVE;
				CLANG_CXX_LANGUAGE_STANDARD = "gnu++20";
				CLANG_ENABLE_MODULES = YES;
				CLANG_ENABLE_OBJC_ARC = YES;
				CLANG_ENABLE_OBJC_WEAK = YES;
				CLANG_WARN_BLOCK_CAPTURE_AUTORELEASING = YES;
				CLANG_WARN_BOOL_CONVERSION = YES;
				CLANG_WARN_COMMA = YES;
				CLANG_WARN_CONSTANT_CONVERSION = YES;
				CLANG_WARN_DEPRECATED_OBJC_IMPLEMENTATIONS = YES;
				CLANG_WARN_DIRECT_OBJC_ISA_USAGE = YES_ERROR;
				CLANG_WARN_DOCUMENTATION_COMMENTS = YES;
				CLANG_WARN_EMPTY_BODY = YES;
				CLANG_WARN_ENUM_CONVERSION = YES;
				CLANG_WARN_INFINITE_RECURSION = YES;
				CLANG_WARN_INT_CONVERSION = YES;
				CLANG_WARN_NON_LITERAL_NULL_CONVERSION = YES;
				CLANG_WARN_OBJC_IMPLICIT_RETAIN_SELF = YES;
				CLANG_WARN_OBJC_LITERAL_CONVERSION = YES;
				CLANG_WARN_OBJC_ROOT_CLASS = YES_ERROR;
				CLANG_WARN_QUOTED_INCLUDE_IN_FRAMEWORK_HEADER = YES;
				CLANG_WARN_RANGE_LOOP_ANALYSIS = YES;
				CLANG_WARN_STRICT_PROTOTYPES = YES;
				CLANG_WARN_SUSPICIOUS_MOVE = YES;
				CLANG_WARN_UNGUARDED_AVAILABILITY = YES_AGGRESSIVE;
				CLANG_WARN_UNREACHABLE_CODE = YES;
				CLANG_WARN__DUPLICATE_METHOD_MATCH = YES;
				COPY_PHASE_STRIP = NO;
				DEBUG_INFORMATION_FORMAT = dwarf;
				ENABLE_STRICT_OBJC_MSGSEND = YES;
				ENABLE_TESTABILITY = YES;
				ENABLE_USER_SCRIPT_SANDBOXING = YES;
				GCC_C_LANGUAGE_STANDARD = gnu17;
				GCC_DYNAMIC_NO_PIC = NO;
				GCC_NO_COMMON_BLOCKS = YES;
				GCC_OPTIMIZATION_LEVEL = 0;
				GCC_PREPROCESSOR_DEFINITIONS = (
					"DEBUG=1",
					"$(inherited)",
				);
				GCC_WARN_64_TO_32_BIT_CONVERSION = YES;
				GCC_WARN_ABOUT_RETURN_TYPE = YES_ERROR;
				GCC_WARN_UNDECLARED_SELECTOR = YES;
				GCC_WARN_UNINITIALIZED_AUTOS = YES_AGGRESSIVE;
				GCC_WARN_UNUSED_FUNCTION = YES;
				GCC_WARN_UNUSED_VARIABLE = YES;
				IPHONEOS_DEPLOYMENT_TARGET = 17.5;
				LOCALIZATION_PREFERS_STRING_CATALOGS = YES;
				MTL_ENABLE_DEBUG_INFO = INCLUDE_SOURCE;
				MTL_FAST_MATH = YES;
				ONLY_ACTIVE_ARCH = YES;
				SDKROOT = iphoneos;
				SWIFT_ACTIVE_COMPILATION_CONDITIONS = "DEBUG $(inherited)";
				SWIFT_OPTIMIZATION_LEVEL = "-Onone";
			};
			name = Debug;
		};
		DAF3D68A2E01C1F600EAAD8B /* Release */ = {
			isa = XCBuildConfiguration;
			buildSettings = {
				ALWAYS_SEARCH_USER_PATHS = NO;
				ASSETCATALOG_COMPILER_GENERATE_SWIFT_ASSET_SYMBOL_EXTENSIONS = YES;
				CLANG_ANALYZER_NONNULL = YES;
				CLANG_ANALYZER_NUMBER_OBJECT_CONVERSION = YES_AGGRESSIVE;
				CLANG_CXX_LANGUAGE_STANDARD = "gnu++20";
				CLANG_ENABLE_MODULES = YES;
				CLANG_ENABLE_OBJC_ARC = YES;
				CLANG_ENABLE_OBJC_WEAK = YES;
				CLANG_WARN_BLOCK_CAPTURE_AUTORELEASING = YES;
				CLANG_WARN_BOOL_CONVERSION = YES;
				CLANG_WARN_COMMA = YES;
				CLANG_WARN_CONSTANT_CONVERSION = YES;
				CLANG_WARN_DEPRECATED_OBJC_IMPLEMENTATIONS = YES;
				CLANG_WARN_DIRECT_OBJC_ISA_USAGE = YES_ERROR;
				CLANG_WARN_DOCUMENTATION_COMMENTS = YES;
				CLANG_WARN_EMPTY_BODY = YES;
				CLANG_WARN_ENUM_CONVERSION = YES;
				CLANG_WARN_INFINITE_RECURSION = YES;
				CLANG_WARN_INT_CONVERSION = YES;
				CLANG_WARN_NON_LITERAL_NULL_CONVERSION = YES;
				CLANG_WARN_OBJC_IMPLICIT_RETAIN_SELF = YES;
				CLANG_WARN_OBJC_LITERAL_CONVERSION = YES;
				CLANG_WARN_OBJC_ROOT_CLASS = YES_ERROR;
				CLANG_WARN_QUOTED_INCLUDE_IN_FRAMEWORK_HEADER = YES;
				CLANG_WARN_RANGE_LOOP_ANALYSIS = YES;
				CLANG_WARN_STRICT_PROTOTYPES = YES;
				CLANG_WARN_SUSPICIOUS_MOVE = YES;
				CLANG_WARN_UNGUARDED_AVAILABILITY = YES_AGGRESSIVE;
				CLANG_WARN_UNREACHABLE_CODE = YES;
				CLANG_WARN__DUPLICATE_METHOD_MATCH = YES;
				COPY_PHASE_STRIP = NO;
				DEBUG_INFORMATION_FORMAT = "dwarf-with-dsym";
				ENABLE_NS_ASSERTIONS = NO;
				ENABLE_STRICT_OBJC_MSGSEND = YES;
				ENABLE_USER_SCRIPT_SANDBOXING = YES;
				GCC_C_LANGUAGE_STANDARD = gnu17;
				GCC_NO_COMMON_BLOCKS = YES;
				GCC_WARN_64_TO_32_BIT_CONVERSION = YES;
				GCC_WARN_ABOUT_RETURN_TYPE = YES_ERROR;
				GCC_WARN_UNDECLARED_SELECTOR = YES;
				GCC_WARN_UNINITIALIZED_AUTOS = YES_AGGRESSIVE;
				GCC_WARN_UNUSED_FUNCTION = YES;
				GCC_WARN_UNUSED_VARIABLE = YES;
				IPHONEOS_DEPLOYMENT_TARGET = 17.5;
				LOCALIZATION_PREFERS_STRING_CATALOGS = YES;
				MTL_ENABLE_DEBUG_INFO = NO;
				MTL_FAST_MATH = YES;
				SDKROOT = iphoneos;
				SWIFT_COMPILATION_MODE = wholemodule;
				VALIDATE_PRODUCT = YES;
			};
			name = Release;
		};
		DAF3D68C2E01C1F600EAAD8B /* Debug */ = {
			isa = XCBuildConfiguration;
			buildSettings = {
				ASSETCATALOG_COMPILER_APPICON_NAME = AppIcon;
				ASSETCATALOG_COMPILER_GLOBAL_ACCENT_COLOR_NAME = AccentColor;
				CODE_SIGN_STYLE = Automatic;
				CURRENT_PROJECT_VERSION = 1;
				DEVELOPMENT_ASSET_PATHS = "\"SmartAid/Preview Content\"";
				DEVELOPMENT_TEAM = NFL3SP3DLH;
				ENABLE_PREVIEWS = YES;
				GENERATE_INFOPLIST_FILE = YES;
				INFOPLIST_FILE = SmartAid/Info.plist;
				INFOPLIST_KEY_LSApplicationCategoryType = "";
				INFOPLIST_KEY_NSLocationWhenInUseUsageDescription = "\"We need your location to send it to emergency contacts\"";
				INFOPLIST_KEY_UIApplicationSceneManifest_Generation = YES;
				INFOPLIST_KEY_UIApplicationSupportsIndirectInputEvents = YES;
				INFOPLIST_KEY_UILaunchScreen_Generation = YES;
				INFOPLIST_KEY_UISupportedInterfaceOrientations_iPad = "UIInterfaceOrientationPortrait UIInterfaceOrientationPortraitUpsideDown UIInterfaceOrientationLandscapeLeft UIInterfaceOrientationLandscapeRight";
				INFOPLIST_KEY_UISupportedInterfaceOrientations_iPhone = "UIInterfaceOrientationPortrait UIInterfaceOrientationLandscapeLeft UIInterfaceOrientationLandscapeRight";
				LD_RUNPATH_SEARCH_PATHS = (
					"$(inherited)",
					"@executable_path/Frameworks",
				);
				MARKETING_VERSION = 1.0;
				OTHER_SWIFT_FLAGS = "";
				PRODUCT_BUNDLE_IDENTIFIER = co.anas.SmartAid;
				PRODUCT_NAME = "$(TARGET_NAME)";
				SWIFT_EMIT_LOC_STRINGS = YES;
				SWIFT_VERSION = 5.0;
				TARGETED_DEVICE_FAMILY = "1,2";
			};
			name = Debug;
		};
		DAF3D68D2E01C1F600EAAD8B /* Release */ = {
			isa = XCBuildConfiguration;
			buildSettings = {
				ASSETCATALOG_COMPILER_APPICON_NAME = AppIcon;
				ASSETCATALOG_COMPILER_GLOBAL_ACCENT_COLOR_NAME = AccentColor;
				CODE_SIGN_STYLE = Automatic;
				CURRENT_PROJECT_VERSION = 1;
				DEVELOPMENT_ASSET_PATHS = "\"SmartAid/Preview Content\"";
				DEVELOPMENT_TEAM = NFL3SP3DLH;
				ENABLE_PREVIEWS = YES;
				GENERATE_INFOPLIST_FILE = YES;
				INFOPLIST_FILE = SmartAid/Info.plist;
				INFOPLIST_KEY_LSApplicationCategoryType = "";
				INFOPLIST_KEY_NSLocationWhenInUseUsageDescription = "\"We need your location to send it to emergency contacts\"";
				INFOPLIST_KEY_UIApplicationSceneManifest_Generation = YES;
				INFOPLIST_KEY_UIApplicationSupportsIndirectInputEvents = YES;
				INFOPLIST_KEY_UILaunchScreen_Generation = YES;
				INFOPLIST_KEY_UISupportedInterfaceOrientations_iPad = "UIInterfaceOrientationPortrait UIInterfaceOrientationPortraitUpsideDown UIInterfaceOrientationLandscapeLeft UIInterfaceOrientationLandscapeRight";
				INFOPLIST_KEY_UISupportedInterfaceOrientations_iPhone = "UIInterfaceOrientationPortrait UIInterfaceOrientationLandscapeLeft UIInterfaceOrientationLandscapeRight";
				LD_RUNPATH_SEARCH_PATHS = (
					"$(inherited)",
					"@executable_path/Frameworks",
				);
				MARKETING_VERSION = 1.0;
				OTHER_SWIFT_FLAGS = "";
				PRODUCT_BUNDLE_IDENTIFIER = co.anas.SmartAid;
				PRODUCT_NAME = "$(TARGET_NAME)";
				SWIFT_EMIT_LOC_STRINGS = YES;
				SWIFT_VERSION = 5.0;
				TARGETED_DEVICE_FAMILY = "1,2";
			};
			name = Release;
		};
/* End XCBuildConfiguration section */

/* Begin XCConfigurationList section */
		DAF3D6782E01C1F400EAAD8B /* Build configuration list for PBXProject "SmartAid" */ = {
			isa = XCConfigurationList;
			buildConfigurations = (
				DAF3D6892E01C1F600EAAD8B /* Debug */,
				DAF3D68A2E01C1F600EAAD8B /* Release */,
			);
			defaultConfigurationIsVisible = 0;
			defaultConfigurationName = Release;
		};
		DAF3D68B2E01C1F600EAAD8B /* Build configuration list for PBXNativeTarget "SmartAid" */ = {
			isa = XCConfigurationList;
			buildConfigurations = (
				DAF3D68C2E01C1F600EAAD8B /* Debug */,
				DAF3D68D2E01C1F600EAAD8B /* Release */,
			);
			defaultConfigurationIsVisible = 0;
			defaultConfigurationName = Release;
		};
/* End XCConfigurationList section */

/* Begin XCRemoteSwiftPackageReference section */
		DA35E5902E0C459100ABBB00 /* XCRemoteSwiftPackageReference "firebase-ios-sdk" */ = {
			isa = XCRemoteSwiftPackageReference;
			repositoryURL = "https://github.com/firebase/firebase-ios-sdk";
			requirement = {
				kind = upToNextMajorVersion;
				minimumVersion = 11.15.0;
			};
		};
/* End XCRemoteSwiftPackageReference section */

/* Begin XCSwiftPackageProductDependency section */
		DA35E5912E0C459100ABBB00 /* FirebaseAuth */ = {
			isa = XCSwiftPackageProductDependency;
			package = DA35E5902E0C459100ABBB00 /* XCRemoteSwiftPackageReference "firebase-ios-sdk" */;
			productName = FirebaseAuth;
		};
		DA35E5932E0C459100ABBB00 /* FirebaseCore */ = {
			isa = XCSwiftPackageProductDependency;
			package = DA35E5902E0C459100ABBB00 /* XCRemoteSwiftPackageReference "firebase-ios-sdk" */;
			productName = FirebaseCore;
		};
/* End XCSwiftPackageProductDependency section */
	};
	rootObject = DAF3D6752E01C1F400EAAD8B /* Project object */;
}
